
Microsoft Visual Studio Solution File, Format Version 12.00
# Visual Studio Version 17
VisualStudioVersion = 17.14.37314.3 d17.14
MinimumVisualStudioVersion = 10.0.40219.1
Project("{FAE04EC0-301F-11D3-BF4B-00C04F79EFBC}") = "Convert-Morkdown-to-Excel", "Convert-Morkdown-to-Excel\Convert-Morkdown-to-Excel.csproj", "{9F68530C-51D3-417A-92E0-37D1BDEF6A7B}"
EndProject
Global
	GlobalSection(SolutionConfigurationPlatforms) = preSolution
		Debug|Any CPU = Debug|Any CPU
		Release|Any CPU = Release|Any CPU
	EndGlobalSection
	GlobalSection(ProjectConfigurationPlatforms) = postSolution
		{9F68530C-51D3-417A-92E0-37D1BDEF6A7B}.Debug|Any CPU.ActiveCfg = Debug|Any CPU
		{9F68530C-51D3-417A-92E0-37D1BDEF6A7B}.Debug|Any CPU.Build.0 = Debug|Any CPU
		{9F68530C-51D3-417A-92E0-37D1BDEF6A7B}.Release|Any CPU.ActiveCfg = Release|Any CPU
		{9F68530C-51D3-417A-92E0-37D1BDEF6A7B}.Release|Any CPU.Build.0 = Release|Any CPU
	EndGlobalSection
	GlobalSection(SolutionProperties) = preSolution
		HideSolutionNode = FALSE
	EndGlobalSection
	GlobalSection(ExtensibilityGlobals) = postSolution
		SolutionGuid = {D82F8359-6DB9-4898-BEAC-AE63AEE9AC01}
	EndGlobalSection
EndGlobal
