
Microsoft Visual Studio Solution File, Format Version 12.00
# Visual Studio Version 17
VisualStudioVersion = 17.14.37516.0 d17.14
MinimumVisualStudioVersion = 10.0.40219.1
Project("{FAE04EC0-301F-11D3-BF4B-00C04F79EFBC}") = "Convert-Markdown-to-HTML", "Convert-Markdown-to-HTML\Convert-Markdown-to-HTML.csproj", "{5068B243-3CAD-B417-A6AC-B62BE6C949B8}"
EndProject
Global
	GlobalSection(SolutionConfigurationPlatforms) = preSolution
		Debug|Any CPU = Debug|Any CPU
		Release|Any CPU = Release|Any CPU
	EndGlobalSection
	GlobalSection(ProjectConfigurationPlatforms) = postSolution
		{5068B243-3CAD-B417-A6AC-B62BE6C949B8}.Debug|Any CPU.ActiveCfg = Debug|Any CPU
		{5068B243-3CAD-B417-A6AC-B62BE6C949B8}.Debug|Any CPU.Build.0 = Debug|Any CPU
		{5068B243-3CAD-B417-A6AC-B62BE6C949B8}.Release|Any CPU.ActiveCfg = Release|Any CPU
		{5068B243-3CAD-B417-A6AC-B62BE6C949B8}.Release|Any CPU.Build.0 = Release|Any CPU
	EndGlobalSection
	GlobalSection(SolutionProperties) = preSolution
		HideSolutionNode = FALSE
	EndGlobalSection
	GlobalSection(ExtensibilityGlobals) = postSolution
		SolutionGuid = {D41C020B-2D8B-476C-9AAA-B411DDAA0FB3}
	EndGlobalSection
EndGlobal
