
Microsoft Visual Studio Solution File, Format Version 12.00
# Visual Studio Version 17
VisualStudioVersion = 17.14.37314.3 d17.14
MinimumVisualStudioVersion = 10.0.40219.1
Project("{FAE04EC0-301F-11D3-BF4B-00C04F79EFBC}") = "Add-thematic-break", "Add-thematic-break\Add-thematic-break.csproj", "{AE9DD426-23A0-4592-89F1-83597CB0ECED}"
EndProject
Global
	GlobalSection(SolutionConfigurationPlatforms) = preSolution
		Debug|Any CPU = Debug|Any CPU
		Release|Any CPU = Release|Any CPU
	EndGlobalSection
	GlobalSection(ProjectConfigurationPlatforms) = postSolution
		{AE9DD426-23A0-4592-89F1-83597CB0ECED}.Debug|Any CPU.ActiveCfg = Debug|Any CPU
		{AE9DD426-23A0-4592-89F1-83597CB0ECED}.Debug|Any CPU.Build.0 = Debug|Any CPU
		{AE9DD426-23A0-4592-89F1-83597CB0ECED}.Release|Any CPU.ActiveCfg = Release|Any CPU
		{AE9DD426-23A0-4592-89F1-83597CB0ECED}.Release|Any CPU.Build.0 = Release|Any CPU
	EndGlobalSection
	GlobalSection(SolutionProperties) = preSolution
		HideSolutionNode = FALSE
	EndGlobalSection
	GlobalSection(ExtensibilityGlobals) = postSolution
		SolutionGuid = {440A09E0-1840-4285-A284-442960806B39}
	EndGlobalSection
EndGlobal
