
Microsoft Visual Studio Solution File, Format Version 12.00
# Visual Studio Version 17
VisualStudioVersion = 17.14.37516.0 d17.14
MinimumVisualStudioVersion = 10.0.40219.1
Project("{FAE04EC0-301F-11D3-BF4B-00C04F79EFBC}") = "MD-to-Excel-Conversion", "MD-to-Excel-Conversion\MD-to-Excel-Conversion.csproj", "{247EFF66-483C-0A0D-4346-F37A6237ED0B}"
EndProject
Global
	GlobalSection(SolutionConfigurationPlatforms) = preSolution
		Debug|Any CPU = Debug|Any CPU
		Release|Any CPU = Release|Any CPU
	EndGlobalSection
	GlobalSection(ProjectConfigurationPlatforms) = postSolution
		{247EFF66-483C-0A0D-4346-F37A6237ED0B}.Debug|Any CPU.ActiveCfg = Debug|Any CPU
		{247EFF66-483C-0A0D-4346-F37A6237ED0B}.Debug|Any CPU.Build.0 = Debug|Any CPU
		{247EFF66-483C-0A0D-4346-F37A6237ED0B}.Release|Any CPU.ActiveCfg = Release|Any CPU
		{247EFF66-483C-0A0D-4346-F37A6237ED0B}.Release|Any CPU.Build.0 = Release|Any CPU
	EndGlobalSection
	GlobalSection(SolutionProperties) = preSolution
		HideSolutionNode = FALSE
	EndGlobalSection
	GlobalSection(ExtensibilityGlobals) = postSolution
		SolutionGuid = {6ADBC0DF-0389-4158-B7FF-AC365C3101E1}
	EndGlobalSection
EndGlobal
