
Microsoft Visual Studio Solution File, Format Version 12.00
# Visual Studio Version 17
VisualStudioVersion = 17.14.37314.3 d17.14
MinimumVisualStudioVersion = 10.0.40219.1
Project("{FAE04EC0-301F-11D3-BF4B-00C04F79EFBC}") = "Get-markdown-document-text", "Get-markdown-document-text\Get-markdown-document-text.csproj", "{2DF4238A-DA25-4FFB-8B4E-3CF063FF9293}"
EndProject
Global
	GlobalSection(SolutionConfigurationPlatforms) = preSolution
		Debug|Any CPU = Debug|Any CPU
		Release|Any CPU = Release|Any CPU
	EndGlobalSection
	GlobalSection(ProjectConfigurationPlatforms) = postSolution
		{2DF4238A-DA25-4FFB-8B4E-3CF063FF9293}.Debug|Any CPU.ActiveCfg = Debug|Any CPU
		{2DF4238A-DA25-4FFB-8B4E-3CF063FF9293}.Debug|Any CPU.Build.0 = Debug|Any CPU
		{2DF4238A-DA25-4FFB-8B4E-3CF063FF9293}.Release|Any CPU.ActiveCfg = Release|Any CPU
		{2DF4238A-DA25-4FFB-8B4E-3CF063FF9293}.Release|Any CPU.Build.0 = Release|Any CPU
	EndGlobalSection
	GlobalSection(SolutionProperties) = preSolution
		HideSolutionNode = FALSE
	EndGlobalSection
	GlobalSection(ExtensibilityGlobals) = postSolution
		SolutionGuid = {7D72EE2A-589F-4349-A9E0-DD7847D86F50}
	EndGlobalSection
EndGlobal
