
Microsoft Visual Studio Solution File, Format Version 12.00
# Visual Studio Version 17
VisualStudioVersion = 17.14.37314.3 d17.14
MinimumVisualStudioVersion = 10.0.40219.1
Project("{FAE04EC0-301F-11D3-BF4B-00C04F79EFBC}") = "Apply-text-formatting", "Apply-text-formatting\Apply-text-formatting.csproj", "{63C5187D-FDB2-4AD3-AC5A-DBB0F5FCB161}"
EndProject
Global
	GlobalSection(SolutionConfigurationPlatforms) = preSolution
		Debug|Any CPU = Debug|Any CPU
		Release|Any CPU = Release|Any CPU
	EndGlobalSection
	GlobalSection(ProjectConfigurationPlatforms) = postSolution
		{63C5187D-FDB2-4AD3-AC5A-DBB0F5FCB161}.Debug|Any CPU.ActiveCfg = Debug|Any CPU
		{63C5187D-FDB2-4AD3-AC5A-DBB0F5FCB161}.Debug|Any CPU.Build.0 = Debug|Any CPU
		{63C5187D-FDB2-4AD3-AC5A-DBB0F5FCB161}.Release|Any CPU.ActiveCfg = Release|Any CPU
		{63C5187D-FDB2-4AD3-AC5A-DBB0F5FCB161}.Release|Any CPU.Build.0 = Release|Any CPU
	EndGlobalSection
	GlobalSection(SolutionProperties) = preSolution
		HideSolutionNode = FALSE
	EndGlobalSection
	GlobalSection(ExtensibilityGlobals) = postSolution
		SolutionGuid = {997953A8-69B8-4260-A35F-D5789A87F15D}
	EndGlobalSection
EndGlobal
