
Microsoft Visual Studio Solution File, Format Version 12.00
# Visual Studio Version 17
VisualStudioVersion = 17.14.37516.0 d17.14
MinimumVisualStudioVersion = 10.0.40219.1
Project("{FAE04EC0-301F-11D3-BF4B-00C04F79EFBC}") = "Clone-and-Merge", "Clone-and-Merge\Clone-and-Merge.csproj", "{24C1599E-1BB0-7284-A3F9-E86EF8A294FB}"
EndProject
Global
	GlobalSection(SolutionConfigurationPlatforms) = preSolution
		Debug|Any CPU = Debug|Any CPU
		Release|Any CPU = Release|Any CPU
	EndGlobalSection
	GlobalSection(ProjectConfigurationPlatforms) = postSolution
		{24C1599E-1BB0-7284-A3F9-E86EF8A294FB}.Debug|Any CPU.ActiveCfg = Debug|Any CPU
		{24C1599E-1BB0-7284-A3F9-E86EF8A294FB}.Debug|Any CPU.Build.0 = Debug|Any CPU
		{24C1599E-1BB0-7284-A3F9-E86EF8A294FB}.Release|Any CPU.ActiveCfg = Release|Any CPU
		{24C1599E-1BB0-7284-A3F9-E86EF8A294FB}.Release|Any CPU.Build.0 = Release|Any CPU
	EndGlobalSection
	GlobalSection(SolutionProperties) = preSolution
		HideSolutionNode = FALSE
	EndGlobalSection
	GlobalSection(ExtensibilityGlobals) = postSolution
		SolutionGuid = {2C8BD175-F7F1-44DC-A219-BAAE68A3B5BB}
	EndGlobalSection
EndGlobal
