
Microsoft Visual Studio Solution File, Format Version 12.00
# Visual Studio Version 17
VisualStudioVersion = 17.14.37314.3 d17.14
MinimumVisualStudioVersion = 10.0.40219.1
Project("{FAE04EC0-301F-11D3-BF4B-00C04F79EFBC}") = "Changing-column-alignment-in-existing-table", "Changing-column-alignment-in-existing-table\Changing-column-alignment-in-existing-table.csproj", "{ABFBBFD9-C601-4F7A-B8A9-FD8206921AE8}"
EndProject
Global
	GlobalSection(SolutionConfigurationPlatforms) = preSolution
		Debug|Any CPU = Debug|Any CPU
		Release|Any CPU = Release|Any CPU
	EndGlobalSection
	GlobalSection(ProjectConfigurationPlatforms) = postSolution
		{ABFBBFD9-C601-4F7A-B8A9-FD8206921AE8}.Debug|Any CPU.ActiveCfg = Debug|Any CPU
		{ABFBBFD9-C601-4F7A-B8A9-FD8206921AE8}.Debug|Any CPU.Build.0 = Debug|Any CPU
		{ABFBBFD9-C601-4F7A-B8A9-FD8206921AE8}.Release|Any CPU.ActiveCfg = Release|Any CPU
		{ABFBBFD9-C601-4F7A-B8A9-FD8206921AE8}.Release|Any CPU.Build.0 = Release|Any CPU
	EndGlobalSection
	GlobalSection(SolutionProperties) = preSolution
		HideSolutionNode = FALSE
	EndGlobalSection
	GlobalSection(ExtensibilityGlobals) = postSolution
		SolutionGuid = {304762E5-88AF-46A0-BF72-360554227514}
	EndGlobalSection
EndGlobal
