
Microsoft Visual Studio Solution File, Format Version 12.00
# Visual Studio Version 17
VisualStudioVersion = 17.14.37411.7 d17.14
MinimumVisualStudioVersion = 10.0.40219.1
Project("{FAE04EC0-301F-11D3-BF4B-00C04F79EFBC}") = "PPTX-to-MD-Conversion", "PPTX-to-MD-Conversion\PPTX-to-MD-Conversion.csproj", "{08EAFA50-5F80-2936-E7A7-87A65D47F37C}"
EndProject
Global
	GlobalSection(SolutionConfigurationPlatforms) = preSolution
		Debug|Any CPU = Debug|Any CPU
		Release|Any CPU = Release|Any CPU
	EndGlobalSection
	GlobalSection(ProjectConfigurationPlatforms) = postSolution
		{08EAFA50-5F80-2936-E7A7-87A65D47F37C}.Debug|Any CPU.ActiveCfg = Debug|Any CPU
		{08EAFA50-5F80-2936-E7A7-87A65D47F37C}.Debug|Any CPU.Build.0 = Debug|Any CPU
		{08EAFA50-5F80-2936-E7A7-87A65D47F37C}.Release|Any CPU.ActiveCfg = Release|Any CPU
		{08EAFA50-5F80-2936-E7A7-87A65D47F37C}.Release|Any CPU.Build.0 = Release|Any CPU
	EndGlobalSection
	GlobalSection(SolutionProperties) = preSolution
		HideSolutionNode = FALSE
	EndGlobalSection
	GlobalSection(ExtensibilityGlobals) = postSolution
		SolutionGuid = {F7B4E495-E6E0-4EDB-8387-E475E4A5CB90}
	EndGlobalSection
EndGlobal
