
Microsoft Visual Studio Solution File, Format Version 12.00
# Visual Studio Version 17
VisualStudioVersion = 17.14.37314.3 d17.14
MinimumVisualStudioVersion = 10.0.40219.1
Project("{FAE04EC0-301F-11D3-BF4B-00C04F79EFBC}") = "Append-line-break", "Append-line-break\Append-line-break.csproj", "{DFB0B8C8-280C-47BA-AFFF-06063BB0190C}"
EndProject
Global
	GlobalSection(SolutionConfigurationPlatforms) = preSolution
		Debug|Any CPU = Debug|Any CPU
		Release|Any CPU = Release|Any CPU
	EndGlobalSection
	GlobalSection(ProjectConfigurationPlatforms) = postSolution
		{DFB0B8C8-280C-47BA-AFFF-06063BB0190C}.Debug|Any CPU.ActiveCfg = Debug|Any CPU
		{DFB0B8C8-280C-47BA-AFFF-06063BB0190C}.Debug|Any CPU.Build.0 = Debug|Any CPU
		{DFB0B8C8-280C-47BA-AFFF-06063BB0190C}.Release|Any CPU.ActiveCfg = Release|Any CPU
		{DFB0B8C8-280C-47BA-AFFF-06063BB0190C}.Release|Any CPU.Build.0 = Release|Any CPU
	EndGlobalSection
	GlobalSection(SolutionProperties) = preSolution
		HideSolutionNode = FALSE
	EndGlobalSection
	GlobalSection(ExtensibilityGlobals) = postSolution
		SolutionGuid = {571C1CBD-2C01-490C-B92F-BD5C4AD7EBE5}
	EndGlobalSection
EndGlobal
