
Microsoft Visual Studio Solution File, Format Version 12.00
# Visual Studio Version 17
VisualStudioVersion = 17.14.37314.3 d17.14
MinimumVisualStudioVersion = 10.0.40219.1
Project("{FAE04EC0-301F-11D3-BF4B-00C04F79EFBC}") = "Add-blockquote", "Add-blockquote\Add-blockquote.csproj", "{6A984248-3587-4C4F-B749-26791ECCFCE2}"
EndProject
Global
	GlobalSection(SolutionConfigurationPlatforms) = preSolution
		Debug|Any CPU = Debug|Any CPU
		Release|Any CPU = Release|Any CPU
	EndGlobalSection
	GlobalSection(ProjectConfigurationPlatforms) = postSolution
		{6A984248-3587-4C4F-B749-26791ECCFCE2}.Debug|Any CPU.ActiveCfg = Debug|Any CPU
		{6A984248-3587-4C4F-B749-26791ECCFCE2}.Debug|Any CPU.Build.0 = Debug|Any CPU
		{6A984248-3587-4C4F-B749-26791ECCFCE2}.Release|Any CPU.ActiveCfg = Release|Any CPU
		{6A984248-3587-4C4F-B749-26791ECCFCE2}.Release|Any CPU.Build.0 = Release|Any CPU
	EndGlobalSection
	GlobalSection(SolutionProperties) = preSolution
		HideSolutionNode = FALSE
	EndGlobalSection
	GlobalSection(ExtensibilityGlobals) = postSolution
		SolutionGuid = {82AD2074-D1CA-4E12-B6C2-3951B1D3B967}
	EndGlobalSection
EndGlobal
