
Microsoft Visual Studio Solution File, Format Version 12.00
# Visual Studio Version 17
VisualStudioVersion = 17.14.37314.3 d17.14
MinimumVisualStudioVersion = 10.0.40219.1
Project("{FAE04EC0-301F-11D3-BF4B-00C04F79EFBC}") = "Add-alternative-text", "Add-alternative-text\Add-alternative-text.csproj", "{41083E7E-5AC6-4729-B3E4-CE40014A46DE}"
EndProject
Global
	GlobalSection(SolutionConfigurationPlatforms) = preSolution
		Debug|Any CPU = Debug|Any CPU
		Release|Any CPU = Release|Any CPU
	EndGlobalSection
	GlobalSection(ProjectConfigurationPlatforms) = postSolution
		{41083E7E-5AC6-4729-B3E4-CE40014A46DE}.Debug|Any CPU.ActiveCfg = Debug|Any CPU
		{41083E7E-5AC6-4729-B3E4-CE40014A46DE}.Debug|Any CPU.Build.0 = Debug|Any CPU
		{41083E7E-5AC6-4729-B3E4-CE40014A46DE}.Release|Any CPU.ActiveCfg = Release|Any CPU
		{41083E7E-5AC6-4729-B3E4-CE40014A46DE}.Release|Any CPU.Build.0 = Release|Any CPU
	EndGlobalSection
	GlobalSection(SolutionProperties) = preSolution
		HideSolutionNode = FALSE
	EndGlobalSection
	GlobalSection(ExtensibilityGlobals) = postSolution
		SolutionGuid = {1243D853-2996-49FA-9D4F-BABDDC8EA76F}
	EndGlobalSection
EndGlobal
