
Microsoft Visual Studio Solution File, Format Version 12.00
# Visual Studio Version 17
VisualStudioVersion = 17.14.37314.3 d17.14
MinimumVisualStudioVersion = 10.0.40219.1
Project("{FAE04EC0-301F-11D3-BF4B-00C04F79EFBC}") = "Apply-text-formatting-in-blockquote", "Apply-text-formatting-in-blockquote\Apply-text-formatting-in-blockquote.csproj", "{AB532987-A813-4F53-A237-98805D5E69A0}"
EndProject
Global
	GlobalSection(SolutionConfigurationPlatforms) = preSolution
		Debug|Any CPU = Debug|Any CPU
		Release|Any CPU = Release|Any CPU
	EndGlobalSection
	GlobalSection(ProjectConfigurationPlatforms) = postSolution
		{AB532987-A813-4F53-A237-98805D5E69A0}.Debug|Any CPU.ActiveCfg = Debug|Any CPU
		{AB532987-A813-4F53-A237-98805D5E69A0}.Debug|Any CPU.Build.0 = Debug|Any CPU
		{AB532987-A813-4F53-A237-98805D5E69A0}.Release|Any CPU.ActiveCfg = Release|Any CPU
		{AB532987-A813-4F53-A237-98805D5E69A0}.Release|Any CPU.Build.0 = Release|Any CPU
	EndGlobalSection
	GlobalSection(SolutionProperties) = preSolution
		HideSolutionNode = FALSE
	EndGlobalSection
	GlobalSection(ExtensibilityGlobals) = postSolution
		SolutionGuid = {1372F566-DC3B-4EAB-BBB9-D1BECCF89E80}
	EndGlobalSection
EndGlobal
