
Microsoft Visual Studio Solution File, Format Version 12.00
# Visual Studio Version 17
VisualStudioVersion = 17.14.37411.7 d17.14
MinimumVisualStudioVersion = 10.0.40219.1
Project("{FAE04EC0-301F-11D3-BF4B-00C04F79EFBC}") = "HTML-to-MD-Conversion", "HTML-to-MD-Conversion\HTML-to-MD-Conversion.csproj", "{391E342A-D686-0535-5CFB-858B682BBCA8}"
EndProject
Global
	GlobalSection(SolutionConfigurationPlatforms) = preSolution
		Debug|Any CPU = Debug|Any CPU
		Release|Any CPU = Release|Any CPU
	EndGlobalSection
	GlobalSection(ProjectConfigurationPlatforms) = postSolution
		{391E342A-D686-0535-5CFB-858B682BBCA8}.Debug|Any CPU.ActiveCfg = Debug|Any CPU
		{391E342A-D686-0535-5CFB-858B682BBCA8}.Debug|Any CPU.Build.0 = Debug|Any CPU
		{391E342A-D686-0535-5CFB-858B682BBCA8}.Release|Any CPU.ActiveCfg = Release|Any CPU
		{391E342A-D686-0535-5CFB-858B682BBCA8}.Release|Any CPU.Build.0 = Release|Any CPU
	EndGlobalSection
	GlobalSection(SolutionProperties) = preSolution
		HideSolutionNode = FALSE
	EndGlobalSection
	GlobalSection(ExtensibilityGlobals) = postSolution
		SolutionGuid = {99CF9679-6664-4596-A8E2-39378DACB3A0}
	EndGlobalSection
EndGlobal
