
Microsoft Visual Studio Solution File, Format Version 12.00
# Visual Studio Version 17
VisualStudioVersion = 17.14.37314.3 d17.14
MinimumVisualStudioVersion = 10.0.40219.1
Project("{FAE04EC0-301F-11D3-BF4B-00C04F79EFBC}") = "Apply-formatting-for-hyperlink-display-text", "Apply-formatting-for-hyperlink-display-text\Apply-formatting-for-hyperlink-display-text.csproj", "{F9FF331F-B9E6-402F-924E-7B4632072712}"
EndProject
Global
	GlobalSection(SolutionConfigurationPlatforms) = preSolution
		Debug|Any CPU = Debug|Any CPU
		Release|Any CPU = Release|Any CPU
	EndGlobalSection
	GlobalSection(ProjectConfigurationPlatforms) = postSolution
		{F9FF331F-B9E6-402F-924E-7B4632072712}.Debug|Any CPU.ActiveCfg = Debug|Any CPU
		{F9FF331F-B9E6-402F-924E-7B4632072712}.Debug|Any CPU.Build.0 = Debug|Any CPU
		{F9FF331F-B9E6-402F-924E-7B4632072712}.Release|Any CPU.ActiveCfg = Release|Any CPU
		{F9FF331F-B9E6-402F-924E-7B4632072712}.Release|Any CPU.Build.0 = Release|Any CPU
	EndGlobalSection
	GlobalSection(SolutionProperties) = preSolution
		HideSolutionNode = FALSE
	EndGlobalSection
	GlobalSection(ExtensibilityGlobals) = postSolution
		SolutionGuid = {D4A911CC-CCD5-4BB7-A8B4-F06B9D5685FD}
	EndGlobalSection
EndGlobal
